
Microsoft Visual Studio Solution File, Format Version 12.00
# Visual Studio 14
VisualStudioVersion = 14.0.25420.1
MinimumVisualStudioVersion = 10.0.40219.1
Project("{2150E333-8FDC-42A3-9474-1A3956D46DE8}") = ".build", ".build", "{B2518E67-E1CB-42BB-AA68-746CDD7C1E19}"
EndProject
Project("{2150E333-8FDC-42A3-9474-1A3956D46DE8}") = "host", "host", "{AB88975D-6241-4BC7-824E-E6DC762813FE}"
EndProject
Project("{2150E333-8FDC-42A3-9474-1A3956D46DE8}") = "web", "web", "{F180EF95-6C68-457F-BE8A-60396703165F}"
EndProject
Project("{FAE04EC0-301F-11D3-BF4B-00C04F79EFBC}") = "PushNotifications.WS", "PushNotifications.WS\PushNotifications.WS.csproj", "{ACD03C6C-BBB2-4EE2-B6F0-E5C9B0CEC94F}"
EndProject
Project("{FAE04EC0-301F-11D3-BF4B-00C04F79EFBC}") = "PushNotifications.Api.Host", "PushNotifications.Api.Host\PushNotifications.Api.Host.csproj", "{D24DE805-7488-45A6-A25E-D3E2A754F1EA}"
EndProject
Project("{FAE04EC0-301F-11D3-BF4B-00C04F79EFBC}") = "PushNotifications.Contracts", "PushNotifications.Contracts\PushNotifications.Contracts.csproj", "{53AB2DD6-F42F-44BB-BB6D-A7497C720E68}"
EndProject
Project("{2150E333-8FDC-42A3-9474-1A3956D46DE8}") = "delivery", "delivery", "{FA881070-30AA-4176-AC15-599D9F50D247}"
EndProject
Project("{FAE04EC0-301F-11D3-BF4B-00C04F79EFBC}") = "PushNotifications.Delivery.Pushy", "PushNotifications.Delivery.Pushy\PushNotifications.Delivery.Pushy.csproj", "{F94F30FE-DE14-45B8-BCAE-D3269B768711}"
EndProject
Project("{FAE04EC0-301F-11D3-BF4B-00C04F79EFBC}") = "PushNotifications.Delivery.FireBase", "PushNotifications.Delivery.FireBase\PushNotifications.Delivery.FireBase.csproj", "{89131F71-9D65-4027-BC8B-E8C18FC0DB2D}"
EndProject
Project("{FAE04EC0-301F-11D3-BF4B-00C04F79EFBC}") = "PushNotifications.Api", "PushNotifications.Api\PushNotifications.Api.csproj", "{9F3F8DB4-F738-4F20-B95C-91483E94B266}"
EndProject
Project("{FAE04EC0-301F-11D3-BF4B-00C04F79EFBC}") = "PushNotifications.Api.Client", "PushNotifications.Api.Client\PushNotifications.Api.Client.csproj", "{1B006263-401F-41D6-A002-F4B6FBE4AB11}"
EndProject
Project("{FAE04EC0-301F-11D3-BF4B-00C04F79EFBC}") = "PushNotifications.Ports", "PushNotifications.Ports\PushNotifications.Ports.csproj", "{6233E2AA-3B13-47A2-BEF2-E641B7BDA622}"
EndProject
Project("{FAE04EC0-301F-11D3-BF4B-00C04F79EFBC}") = "PushNotifications.Projections", "PushNotifications.Projections\PushNotifications.Projections.csproj", "{03CF41C9-3167-4431-BDF0-C44497C057E8}"
EndProject
Project("{FAE04EC0-301F-11D3-BF4B-00C04F79EFBC}") = "PushNotifications.Api.Reference", "PushNotifications.Api.Reference\PushNotifications.Api.Reference.csproj", "{9AFA033C-F2A0-44EA-B317-6F1869850FF1}"
EndProject
Project("{FAE04EC0-301F-11D3-BF4B-00C04F79EFBC}") = "PushNotifications", "PushNotifications\PushNotifications.csproj", "{036A4749-3D48-41BD-852B-0B47A12C9477}"
EndProject
Project("{FAE04EC0-301F-11D3-BF4B-00C04F79EFBC}") = "PushNotifications.Converters", "PushNotifications.Converters\PushNotifications.Converters.csproj", "{9D4233BF-4282-4A44-8F54-1175A43BF763}"
EndProject
Project("{FAE04EC0-301F-11D3-BF4B-00C04F79EFBC}") = "PushNotifications.Delivery.Bulk", "PushNotifications.Delivery.Bulk\PushNotifications.Delivery.Bulk.csproj", "{9BF5032E-B8A6-4F8C-B6FE-05BA192DCD5B}"
EndProject
Project("{FAE04EC0-301F-11D3-BF4B-00C04F79EFBC}") = "PushNotification.Tests", "PushNotification.Tests\PushNotification.Tests.csproj", "{8F44F063-6FA8-434D-AAA2-3CA6A7DFB9B0}"
EndProject
Project("{FAE04EC0-301F-11D3-BF4B-00C04F79EFBC}") = "Multitenancy", "Multitenancy\Multitenancy.csproj", "{C7B50755-9DE7-4217-89A9-31688B2DEF21}"
EndProject
Project("{FAE04EC0-301F-11D3-BF4B-00C04F79EFBC}") = "Multitenancy.Cassandra.EventStore", "Multitenancy.Cassandra\Multitenancy.Cassandra.EventStore.csproj", "{61E2A02A-743A-46D6-94A1-3E9C97DB93B6}"
EndProject
Project("{FAE04EC0-301F-11D3-BF4B-00C04F79EFBC}") = "Multitenancy.Cassandra.Projections", "Multitenancy.Cassandra.Projections\Multitenancy.Cassandra.Projections.csproj", "{F97585BA-C305-4443-B5A6-63A07EF787E9}"
EndProject
Project("{FAE04EC0-301F-11D3-BF4B-00C04F79EFBC}") = "Multitenancy.Delivery", "Multitenancy.Delivery\Multitenancy.Delivery.csproj", "{FC795C4C-F0F4-49C3-B0CC-4227390E4F07}"
EndProject
Global
	GlobalSection(SolutionConfigurationPlatforms) = preSolution
		Debug|Any CPU = Debug|Any CPU
		Release|Any CPU = Release|Any CPU
	EndGlobalSection
	GlobalSection(ProjectConfigurationPlatforms) = postSolution
		{ACD03C6C-BBB2-4EE2-B6F0-E5C9B0CEC94F}.Debug|Any CPU.ActiveCfg = Debug|Any CPU
		{ACD03C6C-BBB2-4EE2-B6F0-E5C9B0CEC94F}.Debug|Any CPU.Build.0 = Debug|Any CPU
		{ACD03C6C-BBB2-4EE2-B6F0-E5C9B0CEC94F}.Release|Any CPU.ActiveCfg = Release|Any CPU
		{ACD03C6C-BBB2-4EE2-B6F0-E5C9B0CEC94F}.Release|Any CPU.Build.0 = Release|Any CPU
		{D24DE805-7488-45A6-A25E-D3E2A754F1EA}.Debug|Any CPU.ActiveCfg = Debug|Any CPU
		{D24DE805-7488-45A6-A25E-D3E2A754F1EA}.Debug|Any CPU.Build.0 = Debug|Any CPU
		{D24DE805-7488-45A6-A25E-D3E2A754F1EA}.Release|Any CPU.ActiveCfg = Release|Any CPU
		{D24DE805-7488-45A6-A25E-D3E2A754F1EA}.Release|Any CPU.Build.0 = Release|Any CPU
		{53AB2DD6-F42F-44BB-BB6D-A7497C720E68}.Debug|Any CPU.ActiveCfg = Debug|Any CPU
		{53AB2DD6-F42F-44BB-BB6D-A7497C720E68}.Debug|Any CPU.Build.0 = Debug|Any CPU
		{53AB2DD6-F42F-44BB-BB6D-A7497C720E68}.Release|Any CPU.ActiveCfg = Release|Any CPU
		{53AB2DD6-F42F-44BB-BB6D-A7497C720E68}.Release|Any CPU.Build.0 = Release|Any CPU
		{F94F30FE-DE14-45B8-BCAE-D3269B768711}.Debug|Any CPU.ActiveCfg = Debug|Any CPU
		{F94F30FE-DE14-45B8-BCAE-D3269B768711}.Debug|Any CPU.Build.0 = Debug|Any CPU
		{F94F30FE-DE14-45B8-BCAE-D3269B768711}.Release|Any CPU.ActiveCfg = Release|Any CPU
		{F94F30FE-DE14-45B8-BCAE-D3269B768711}.Release|Any CPU.Build.0 = Release|Any CPU
		{89131F71-9D65-4027-BC8B-E8C18FC0DB2D}.Debug|Any CPU.ActiveCfg = Debug|Any CPU
		{89131F71-9D65-4027-BC8B-E8C18FC0DB2D}.Debug|Any CPU.Build.0 = Debug|Any CPU
		{89131F71-9D65-4027-BC8B-E8C18FC0DB2D}.Release|Any CPU.ActiveCfg = Release|Any CPU
		{89131F71-9D65-4027-BC8B-E8C18FC0DB2D}.Release|Any CPU.Build.0 = Release|Any CPU
		{9F3F8DB4-F738-4F20-B95C-91483E94B266}.Debug|Any CPU.ActiveCfg = Debug|Any CPU
		{9F3F8DB4-F738-4F20-B95C-91483E94B266}.Debug|Any CPU.Build.0 = Debug|Any CPU
		{9F3F8DB4-F738-4F20-B95C-91483E94B266}.Release|Any CPU.ActiveCfg = Release|Any CPU
		{9F3F8DB4-F738-4F20-B95C-91483E94B266}.Release|Any CPU.Build.0 = Release|Any CPU
		{1B006263-401F-41D6-A002-F4B6FBE4AB11}.Debug|Any CPU.ActiveCfg = Debug|Any CPU
		{1B006263-401F-41D6-A002-F4B6FBE4AB11}.Debug|Any CPU.Build.0 = Debug|Any CPU
		{1B006263-401F-41D6-A002-F4B6FBE4AB11}.Release|Any CPU.ActiveCfg = Release|Any CPU
		{1B006263-401F-41D6-A002-F4B6FBE4AB11}.Release|Any CPU.Build.0 = Release|Any CPU
		{6233E2AA-3B13-47A2-BEF2-E641B7BDA622}.Debug|Any CPU.ActiveCfg = Debug|Any CPU
		{6233E2AA-3B13-47A2-BEF2-E641B7BDA622}.Debug|Any CPU.Build.0 = Debug|Any CPU
		{6233E2AA-3B13-47A2-BEF2-E641B7BDA622}.Release|Any CPU.ActiveCfg = Release|Any CPU
		{6233E2AA-3B13-47A2-BEF2-E641B7BDA622}.Release|Any CPU.Build.0 = Release|Any CPU
		{03CF41C9-3167-4431-BDF0-C44497C057E8}.Debug|Any CPU.ActiveCfg = Debug|Any CPU
		{03CF41C9-3167-4431-BDF0-C44497C057E8}.Debug|Any CPU.Build.0 = Debug|Any CPU
		{03CF41C9-3167-4431-BDF0-C44497C057E8}.Release|Any CPU.ActiveCfg = Release|Any CPU
		{03CF41C9-3167-4431-BDF0-C44497C057E8}.Release|Any CPU.Build.0 = Release|Any CPU
		{9AFA033C-F2A0-44EA-B317-6F1869850FF1}.Debug|Any CPU.ActiveCfg = Debug|Any CPU
		{9AFA033C-F2A0-44EA-B317-6F1869850FF1}.Debug|Any CPU.Build.0 = Debug|Any CPU
		{9AFA033C-F2A0-44EA-B317-6F1869850FF1}.Release|Any CPU.ActiveCfg = Release|Any CPU
		{9AFA033C-F2A0-44EA-B317-6F1869850FF1}.Release|Any CPU.Build.0 = Release|Any CPU
		{036A4749-3D48-41BD-852B-0B47A12C9477}.Debug|Any CPU.ActiveCfg = Debug|Any CPU
		{036A4749-3D48-41BD-852B-0B47A12C9477}.Debug|Any CPU.Build.0 = Debug|Any CPU
		{036A4749-3D48-41BD-852B-0B47A12C9477}.Release|Any CPU.ActiveCfg = Release|Any CPU
		{036A4749-3D48-41BD-852B-0B47A12C9477}.Release|Any CPU.Build.0 = Release|Any CPU
		{9D4233BF-4282-4A44-8F54-1175A43BF763}.Debug|Any CPU.ActiveCfg = Debug|Any CPU
		{9D4233BF-4282-4A44-8F54-1175A43BF763}.Debug|Any CPU.Build.0 = Debug|Any CPU
		{9D4233BF-4282-4A44-8F54-1175A43BF763}.Release|Any CPU.ActiveCfg = Release|Any CPU
		{9D4233BF-4282-4A44-8F54-1175A43BF763}.Release|Any CPU.Build.0 = Release|Any CPU
		{9BF5032E-B8A6-4F8C-B6FE-05BA192DCD5B}.Debug|Any CPU.ActiveCfg = Debug|Any CPU
		{9BF5032E-B8A6-4F8C-B6FE-05BA192DCD5B}.Debug|Any CPU.Build.0 = Debug|Any CPU
		{9BF5032E-B8A6-4F8C-B6FE-05BA192DCD5B}.Release|Any CPU.ActiveCfg = Release|Any CPU
		{9BF5032E-B8A6-4F8C-B6FE-05BA192DCD5B}.Release|Any CPU.Build.0 = Release|Any CPU
		{8F44F063-6FA8-434D-AAA2-3CA6A7DFB9B0}.Debug|Any CPU.ActiveCfg = Debug|Any CPU
		{8F44F063-6FA8-434D-AAA2-3CA6A7DFB9B0}.Debug|Any CPU.Build.0 = Debug|Any CPU
		{8F44F063-6FA8-434D-AAA2-3CA6A7DFB9B0}.Release|Any CPU.ActiveCfg = Release|Any CPU
		{8F44F063-6FA8-434D-AAA2-3CA6A7DFB9B0}.Release|Any CPU.Build.0 = Release|Any CPU
		{C7B50755-9DE7-4217-89A9-31688B2DEF21}.Debug|Any CPU.ActiveCfg = Debug|Any CPU
		{C7B50755-9DE7-4217-89A9-31688B2DEF21}.Debug|Any CPU.Build.0 = Debug|Any CPU
		{C7B50755-9DE7-4217-89A9-31688B2DEF21}.Release|Any CPU.ActiveCfg = Release|Any CPU
		{C7B50755-9DE7-4217-89A9-31688B2DEF21}.Release|Any CPU.Build.0 = Release|Any CPU
		{61E2A02A-743A-46D6-94A1-3E9C97DB93B6}.Debug|Any CPU.ActiveCfg = Debug|Any CPU
		{61E2A02A-743A-46D6-94A1-3E9C97DB93B6}.Debug|Any CPU.Build.0 = Debug|Any CPU
		{61E2A02A-743A-46D6-94A1-3E9C97DB93B6}.Release|Any CPU.ActiveCfg = Release|Any CPU
		{61E2A02A-743A-46D6-94A1-3E9C97DB93B6}.Release|Any CPU.Build.0 = Release|Any CPU
		{F97585BA-C305-4443-B5A6-63A07EF787E9}.Debug|Any CPU.ActiveCfg = Debug|Any CPU
		{F97585BA-C305-4443-B5A6-63A07EF787E9}.Debug|Any CPU.Build.0 = Debug|Any CPU
		{F97585BA-C305-4443-B5A6-63A07EF787E9}.Release|Any CPU.ActiveCfg = Release|Any CPU
		{F97585BA-C305-4443-B5A6-63A07EF787E9}.Release|Any CPU.Build.0 = Release|Any CPU
		{FC795C4C-F0F4-49C3-B0CC-4227390E4F07}.Debug|Any CPU.ActiveCfg = Debug|Any CPU
		{FC795C4C-F0F4-49C3-B0CC-4227390E4F07}.Debug|Any CPU.Build.0 = Debug|Any CPU
		{FC795C4C-F0F4-49C3-B0CC-4227390E4F07}.Release|Any CPU.ActiveCfg = Release|Any CPU
		{FC795C4C-F0F4-49C3-B0CC-4227390E4F07}.Release|Any CPU.Build.0 = Release|Any CPU
	EndGlobalSection
	GlobalSection(SolutionProperties) = preSolution
		HideSolutionNode = FALSE
	EndGlobalSection
	GlobalSection(NestedProjects) = preSolution
		{ACD03C6C-BBB2-4EE2-B6F0-E5C9B0CEC94F} = {AB88975D-6241-4BC7-824E-E6DC762813FE}
		{D24DE805-7488-45A6-A25E-D3E2A754F1EA} = {AB88975D-6241-4BC7-824E-E6DC762813FE}
		{F94F30FE-DE14-45B8-BCAE-D3269B768711} = {FA881070-30AA-4176-AC15-599D9F50D247}
		{89131F71-9D65-4027-BC8B-E8C18FC0DB2D} = {FA881070-30AA-4176-AC15-599D9F50D247}
		{9F3F8DB4-F738-4F20-B95C-91483E94B266} = {F180EF95-6C68-457F-BE8A-60396703165F}
		{1B006263-401F-41D6-A002-F4B6FBE4AB11} = {F180EF95-6C68-457F-BE8A-60396703165F}
		{03CF41C9-3167-4431-BDF0-C44497C057E8} = {F180EF95-6C68-457F-BE8A-60396703165F}
		{9AFA033C-F2A0-44EA-B317-6F1869850FF1} = {F180EF95-6C68-457F-BE8A-60396703165F}
		{9D4233BF-4282-4A44-8F54-1175A43BF763} = {F180EF95-6C68-457F-BE8A-60396703165F}
		{9BF5032E-B8A6-4F8C-B6FE-05BA192DCD5B} = {FA881070-30AA-4176-AC15-599D9F50D247}
	EndGlobalSection
EndGlobal
